{
  "name": "drv-21",
  "version": "1.0.1",
  "lockfileVersion": 3,
  "requires": true,
  "packages": {
    "": {
      "name": "drv-21",
      "version": "1.0.1",
      "license": "ISC",
      "dependencies": {
        "drv-21": "^1.0.1"
      }
    },
    "node_modules/drv-21": {
      "version": "1.0.1",
      "resolved": "https://registry.npmjs.org/drv-21/-/drv-21-1.0.1.tgz",
      "integrity": "sha512-qtEf2qEwUIgKaLmYGEEP82/Y6UOB3lW6gLhvGhObdxAVSAoYhE1O3RL62DHL5tYhz/osqoEbW4jmb1N6X+Eq1g==",
      "license": "ISC",
      "dependencies": {
        "drv-21": "^1.0.0"
      }
    }
  }
}
